{
  "name": "dashjs",
  "version": "2.6.0",
  "dependencies": {
    "extract-zip": {
      "version": "1.6.0",
      "from": "extract-zip@>=1.0.3 <2.0.0",
      "resolved": "https://registry.npmjs.org/extract-zip/-/extract-zip-1.6.0.tgz",
      "dependencies": {
        "concat-stream": {
          "version": "1.5.0",
          "from": "concat-stream@1.5.0",
          "resolved": "https://registry.npmjs.org/concat-stream/-/concat-stream-1.5.0.tgz"
        },
        "debug": {
          "version": "0.7.4",
          "from": "debug@0.7.4",
          "resolved": "https://registry.npmjs.org/debug/-/debug-0.7.4.tgz"
        },
        "minimist": {
          "version": "0.0.8",
          "from": "minimist@0.0.8",
          "resolved": "https://registry.npmjs.org/minimist/-/minimist-0.0.8.tgz"
        },
        "mkdirp": {
          "version": "0.5.0",
          "from": "mkdirp@0.5.0",
          "resolved": "https://registry.npmjs.org/mkdirp/-/mkdirp-0.5.0.tgz"
        },
        "readable-stream": {
          "version": "2.0.6",
          "from": "readable-stream@>=2.0.0 <2.1.0",
          "resolved": "https://registry.npmjs.org/readable-stream/-/readable-stream-2.0.6.tgz"
        },
        "string_decoder": {
          "version": "0.10.31",
          "from": "string_decoder@>=0.10.0 <0.11.0",
          "resolved": "https://registry.npmjs.org/string_decoder/-/string_decoder-0.10.31.tgz"
        }
      }
    }
  }
}
